github.com/go-sql-driver/mysql v1.7.1 h1:lUIinVbN1DY0xBg0eMOzmmtGoHwWBbvnWubQUrtU8EI=
github.com/go-sql-driver/mysql v1.7.1/go.mod h1:OXbVy3sEdcQ2Doequ6Z5BW6fXNQTmx+9S1MCJN5yJMI=
github.com/google/gofuzz v1.2.0 h1:xRy4A+RhZaiKjJ1bPfwQ8sedCA+YS2YcCHW6ec7JMi0=
github.com/google/uuid v1.3.1 h1:KjJaJ9iWZ3jOFZIf1Lqf4laDRCasjl0BCmnEGxkdLb4=
github.com/google/uuid v1.3.1/go.mod h1:TIyPZe4MgqvfeYDBFedMoGGpEw/LqOeaOT+nhxU+yHo=
github.com/gorilla/mux v1.8.0 h1:i40aqfkR1h2SlN9hojwV5ZA91wcXFOvkdNIeFDP5koI=
github.com/gorilla/mux v1.8.0/go.mod h1:DVbg23sWSpFRCP0SfiEN6jmj59UnW/n46BH5rLB71So=
github.com/gorilla/securecookie v1.1.2 h1:YCIWL56dvtr73r6715mJs5ZvhtnY73hBvEF8kXD8ePA=
github.com/gorilla/securecookie v1.1.2/go.mod h1:NfCASbcHqRSY+3a8tlWJwsQap2VX5pwzwo4h3eOamfo=
github.com/gorilla/sessions v1.2.2 h1:lqzMYz6bOfvn2WriPUjNByzeXIlVzURcPmgMczkmTjY=
github.com/gorilla/sessions v1.2.2/go.mod h1:ePLdVu+jbEgHH+KWw8I1z2wqd0BAdAQh/8LRvBeoNcQ=
github.com/joho/sqltocsv v0.0.0-20210428211105-a6d6801d59df h1:Zrb0IbuLOGHL7nrO2WrcuNWgDTlzFv3zY69QMx4ggQE=
github.com/joho/sqltocsv v0.0.0-20210428211105-a6d6801d59df/go.mod h1:mAVCUAYtW9NG31eB30umMSLKcDt6mCUWSjoSn5qBh0k=
gopkg.in/vansante/go-ffprobe.v2 v2.1.1 h1:DIh5fMn+tlBvG7pXyUZdemVmLdERnf2xX6XOFF+0BBU=
gopkg.in/vansante/go-ffprobe.v2 v2.1.1/go.mod h1:qF0AlAjk7Nqzqf3y333Ly+KxN3cKF2JqA3JT5ZheUGE=
